{
  "name": "x-ninja-bulma",
  "version": "1.0.0",
  "lockfileVersion": 1,
  "requires": true,
  "dependencies": {
    "@x-ninja/o_o": {
      "version": "0.0.1",
      "resolved": "https://registry.npmjs.org/@x-ninja/o_o/-/o_o-0.0.1.tgz",
      "integrity": "sha512-xz4ao9SLB+VjARF/7F8g6tOsLH/9o45dSUvtm2N7S22DkiHENYuz9+62Rg/gmREJaP6a/zHAlqfYDU7ZqGSwaQ=="
    },
    "bulma": {
      "version": "0.9.1",
      "resolved": "https://registry.npmjs.org/bulma/-/bulma-0.9.1.tgz",
      "integrity": "sha512-LSF69OumXg2HSKl2+rN0/OEXJy7WFEb681wtBlNS/ulJYR27J3rORHibdXZ6GVb/vyUzzYK/Arjyh56wjbFedA=="
    }
  }
}
